
Microsoft Visual Studio Solution File, Format Version 12.00
# Visual Studio Version 16
VisualStudioVersion = 16.0.31729.503
MinimumVisualStudioVersion = 10.0.40219.1
Project("{FAE04EC0-301F-11D3-BF4B-00C04F79EFBC}") = "Ardelean_Aida_Lab10.Android", "Ardelean_Aida_Lab10.Android\Ardelean_Aida_Lab10.Android.csproj", "{82E9DBA3-21F7-41A6-A455-C4AA50312BFB}"
EndProject
Project("{FAE04EC0-301F-11D3-BF4B-00C04F79EFBC}") = "Ardelean_Aida_Lab10.iOS", "Ardelean_Aida_Lab10.iOS\Ardelean_Aida_Lab10.iOS.csproj", "{D63D973A-7DEC-4B78-B3D4-4936FF6820DE}"
EndProject
Project("{FAE04EC0-301F-11D3-BF4B-00C04F79EFBC}") = "Ardelean_Aida_Lab10", "Ardelean_Aida_Lab10\Ardelean_Aida_Lab10.csproj", "{27481990-5A96-4E4F-8036-C3EBF52F77C1}"
EndProject
Global
	GlobalSection(SolutionConfigurationPlatforms) = preSolution
		Debug|Any CPU = Debug|Any CPU
		Debug|iPhone = Debug|iPhone
		Debug|iPhoneSimulator = Debug|iPhoneSimulator
		Release|Any CPU = Release|Any CPU
		Release|iPhone = Release|iPhone
		Release|iPhoneSimulator = Release|iPhoneSimulator
	EndGlobalSection
	GlobalSection(ProjectConfigurationPlatforms) = postSolution
		{82E9DBA3-21F7-41A6-A455-C4AA50312BFB}.Debug|Any CPU.ActiveCfg = Debug|Any CPU
		{82E9DBA3-21F7-41A6-A455-C4AA50312BFB}.Debug|Any CPU.Build.0 = Debug|Any CPU
		{82E9DBA3-21F7-41A6-A455-C4AA50312BFB}.Debug|Any CPU.Deploy.0 = Debug|Any CPU
		{82E9DBA3-21F7-41A6-A455-C4AA50312BFB}.Debug|iPhone.ActiveCfg = Debug|Any CPU
		{82E9DBA3-21F7-41A6-A455-C4AA50312BFB}.Debug|iPhone.Build.0 = Debug|Any CPU
		{82E9DBA3-21F7-41A6-A455-C4AA50312BFB}.Debug|iPhone.Deploy.0 = Debug|Any CPU
		{82E9DBA3-21F7-41A6-A455-C4AA50312BFB}.Debug|iPhoneSimulator.ActiveCfg = Debug|Any CPU
		{82E9DBA3-21F7-41A6-A455-C4AA50312BFB}.Debug|iPhoneSimulator.Build.0 = Debug|Any CPU
		{82E9DBA3-21F7-41A6-A455-C4AA50312BFB}.Debug|iPhoneSimulator.Deploy.0 = Debug|Any CPU
		{82E9DBA3-21F7-41A6-A455-C4AA50312BFB}.Release|Any CPU.ActiveCfg = Release|Any CPU
		{82E9DBA3-21F7-41A6-A455-C4AA50312BFB}.Release|Any CPU.Build.0 = Release|Any CPU
		{82E9DBA3-21F7-41A6-A455-C4AA50312BFB}.Release|Any CPU.Deploy.0 = Release|Any CPU
		{82E9DBA3-21F7-41A6-A455-C4AA50312BFB}.Release|iPhone.ActiveCfg = Release|Any CPU
		{82E9DBA3-21F7-41A6-A455-C4AA50312BFB}.Release|iPhone.Build.0 = Release|Any CPU
		{82E9DBA3-21F7-41A6-A455-C4AA50312BFB}.Release|iPhone.Deploy.0 = Release|Any CPU
		{82E9DBA3-21F7-41A6-A455-C4AA50312BFB}.Release|iPhoneSimulator.ActiveCfg = Release|Any CPU
		{82E9DBA3-21F7-41A6-A455-C4AA50312BFB}.Release|iPhoneSimulator.Build.0 = Release|Any CPU
		{82E9DBA3-21F7-41A6-A455-C4AA50312BFB}.Release|iPhoneSimulator.Deploy.0 = Release|Any CPU
		{D63D973A-7DEC-4B78-B3D4-4936FF6820DE}.Debug|Any CPU.ActiveCfg = Debug|iPhone
		{D63D973A-7DEC-4B78-B3D4-4936FF6820DE}.Debug|Any CPU.Build.0 = Debug|iPhone
		{D63D973A-7DEC-4B78-B3D4-4936FF6820DE}.Debug|Any CPU.Deploy.0 = Debug|iPhone
		{D63D973A-7DEC-4B78-B3D4-4936FF6820DE}.Debug|iPhone.ActiveCfg = Debug|iPhone
		{D63D973A-7DEC-4B78-B3D4-4936FF6820DE}.Debug|iPhone.Build.0 = Debug|iPhone
		{D63D973A-7DEC-4B78-B3D4-4936FF6820DE}.Debug|iPhone.Deploy.0 = Debug|iPhone
		{D63D973A-7DEC-4B78-B3D4-4936FF6820DE}.Debug|iPhoneSimulator.ActiveCfg = Debug|iPhoneSimulator
		{D63D973A-7DEC-4B78-B3D4-4936FF6820DE}.Debug|iPhoneSimulator.Build.0 = Debug|iPhoneSimulator
		{D63D973A-7DEC-4B78-B3D4-4936FF6820DE}.Debug|iPhoneSimulator.Deploy.0 = Debug|iPhoneSimulator
		{D63D973A-7DEC-4B78-B3D4-4936FF6820DE}.Release|Any CPU.ActiveCfg = Release|iPhoneSimulator
		{D63D973A-7DEC-4B78-B3D4-4936FF6820DE}.Release|Any CPU.Build.0 = Release|iPhoneSimulator
		{D63D973A-7DEC-4B78-B3D4-4936FF6820DE}.Release|Any CPU.Deploy.0 = Release|iPhoneSimulator
		{D63D973A-7DEC-4B78-B3D4-4936FF6820DE}.Release|iPhone.ActiveCfg = Release|iPhone
		{D63D973A-7DEC-4B78-B3D4-4936FF6820DE}.Release|iPhone.Build.0 = Release|iPhone
		{D63D973A-7DEC-4B78-B3D4-4936FF6820DE}.Release|iPhone.Deploy.0 = Release|iPhone
		{D63D973A-7DEC-4B78-B3D4-4936FF6820DE}.Release|iPhoneSimulator.ActiveCfg = Release|iPhoneSimulator
		{D63D973A-7DEC-4B78-B3D4-4936FF6820DE}.Release|iPhoneSimulator.Build.0 = Release|iPhoneSimulator
		{D63D973A-7DEC-4B78-B3D4-4936FF6820DE}.Release|iPhoneSimulator.Deploy.0 = Release|iPhoneSimulator
		{27481990-5A96-4E4F-8036-C3EBF52F77C1}.Debug|Any CPU.ActiveCfg = Debug|Any CPU
		{27481990-5A96-4E4F-8036-C3EBF52F77C1}.Debug|Any CPU.Build.0 = Debug|Any CPU
		{27481990-5A96-4E4F-8036-C3EBF52F77C1}.Debug|Any CPU.Deploy.0 = Debug|Any CPU
		{27481990-5A96-4E4F-8036-C3EBF52F77C1}.Debug|iPhone.ActiveCfg = Debug|Any CPU
		{27481990-5A96-4E4F-8036-C3EBF52F77C1}.Debug|iPhone.Build.0 = Debug|Any CPU
		{27481990-5A96-4E4F-8036-C3EBF52F77C1}.Debug|iPhone.Deploy.0 = Debug|Any CPU
		{27481990-5A96-4E4F-8036-C3EBF52F77C1}.Debug|iPhoneSimulator.ActiveCfg = Debug|Any CPU
		{27481990-5A96-4E4F-8036-C3EBF52F77C1}.Debug|iPhoneSimulator.Build.0 = Debug|Any CPU
		{27481990-5A96-4E4F-8036-C3EBF52F77C1}.Debug|iPhoneSimulator.Deploy.0 = Debug|Any CPU
		{27481990-5A96-4E4F-8036-C3EBF52F77C1}.Release|Any CPU.ActiveCfg = Release|Any CPU
		{27481990-5A96-4E4F-8036-C3EBF52F77C1}.Release|Any CPU.Build.0 = Release|Any CPU
		{27481990-5A96-4E4F-8036-C3EBF52F77C1}.Release|Any CPU.Deploy.0 = Release|Any CPU
		{27481990-5A96-4E4F-8036-C3EBF52F77C1}.Release|iPhone.ActiveCfg = Release|Any CPU
		{27481990-5A96-4E4F-8036-C3EBF52F77C1}.Release|iPhone.Build.0 = Release|Any CPU
		{27481990-5A96-4E4F-8036-C3EBF52F77C1}.Release|iPhone.Deploy.0 = Release|Any CPU
		{27481990-5A96-4E4F-8036-C3EBF52F77C1}.Release|iPhoneSimulator.ActiveCfg = Release|Any CPU
		{27481990-5A96-4E4F-8036-C3EBF52F77C1}.Release|iPhoneSimulator.Build.0 = Release|Any CPU
		{27481990-5A96-4E4F-8036-C3EBF52F77C1}.Release|iPhoneSimulator.Deploy.0 = Release|Any CPU
	EndGlobalSection
	GlobalSection(SolutionProperties) = preSolution
		HideSolutionNode = FALSE
	EndGlobalSection
	GlobalSection(ExtensibilityGlobals) = postSolution
		SolutionGuid = {ADDDC6C1-419A-4A23-8237-EAB0A2FA7128}
	EndGlobalSection
EndGlobal
